// !$*UTF8*$!
{
	archiveVersion = 1;
	classes = {
	};
	objectVersion = 50;
	objects = {

/* Begin PBXBuildFile section */
		D67A1FD5210F9A03002B6445 /* AppDelegate.swift in Sources */ = {isa = PBXBuildFile; fileRef = D67A1FD4210F9A03002B6445 /* AppDelegate.swift */; };
		D67A1FDA210F9A03002B6445 /* Main.storyboard in Resources */ = {isa = PBXBuildFile; fileRef = D67A1FD8210F9A03002B6445 /* Main.storyboard */; };
		D67A1FDC210F9A06002B6445 /* Assets.xcassets in Resources */ = {isa = PBXBuildFile; fileRef = D67A1FDB210F9A06002B6445 /* Assets.xcassets */; };
		D67A1FDF210F9A06002B6445 /* LaunchScreen.storyboard in Resources */ = {isa = PBXBuildFile; fileRef = D67A1FDD210F9A06002B6445 /* LaunchScreen.storyboard */; };
		D67A1FE7210F9A9E002B6445 /* Question.swift in Sources */ = {isa = PBXBuildFile; fileRef = D67A1FE6210F9A9E002B6445 /* Question.swift */; };
		D67A1FEA210F9BD1002B6445 /* Question Controller.swift in Sources */ = {isa = PBXBuildFile; fileRef = D67A1FE9210F9BD1002B6445 /* Question Controller.swift */; };
		D67A1FED210FA20B002B6445 /* QuestionTableViewCell.swift in Sources */ = {isa = PBXBuildFile; fileRef = D67A1FEC210FA20B002B6445 /* QuestionTableViewCell.swift */; };
		D67A1FF1210FA256002B6445 /* QuestionTableViewController.swift in Sources */ = {isa = PBXBuildFile; fileRef = D67A1FF0210FA256002B6445 /* QuestionTableViewController.swift */; };
		D67A1FF3210FA7B0002B6445 /* AskQuestionViewController.swift in Sources */ = {isa = PBXBuildFile; fileRef = D67A1FF2210FA7B0002B6445 /* AskQuestionViewController.swift */; };
		D67A1FF5210FB8DA002B6445 /* AnswerQuestionViewController.swift in Sources */ = {isa = PBXBuildFile; fileRef = D67A1FF4210FB8DA002B6445 /* AnswerQuestionViewController.swift */; };
/* End PBXBuildFile section */

/* Begin PBXFileReference section */
		D67A1FD1210F9A03002B6445 /* Q and A.app */ = {isa = PBXFileReference; explicitFileType = wrapper.application; includeInIndex = 0; path = "Q and A.app"; sourceTree = BUILT_PRODUCTS_DIR; };
		D67A1FD4210F9A03002B6445 /* AppDelegate.swift */ = {isa = PBXFileReference; lastKnownFileType = sourcecode.swift; path = AppDelegate.swift; sourceTree = "<group>"; };
		D67A1FD9210F9A03002B6445 /* Base */ = {isa = PBXFileReference; lastKnownFileType = file.storyboard; name = Base; path = Base.lproj/Main.storyboard; sourceTree = "<group>"; };
		D67A1FDB210F9A06002B6445 /* Assets.xcassets */ = {isa = PBXFileReference; lastKnownFileType = folder.assetcatalog; path = Assets.xcassets; sourceTree = "<group>"; };
		D67A1FDE210F9A06002B6445 /* Base */ = {isa = PBXFileReference; lastKnownFileType = file.storyboard; name = Base; path = Base.lproj/LaunchScreen.storyboard; sourceTree = "<group>"; };
		D67A1FE0210F9A06002B6445 /* Info.plist */ = {isa = PBXFileReference; lastKnownFileType = text.plist.xml; path = Info.plist; sourceTree = "<group>"; };
		D67A1FE6210F9A9E002B6445 /* Question.swift */ = {isa = PBXFileReference; lastKnownFileType = sourcecode.swift; path = Question.swift; sourceTree = "<group>"; };
		D67A1FE9210F9BD1002B6445 /* Question Controller.swift */ = {isa = PBXFileReference; lastKnownFileType = sourcecode.swift; path = "Question Controller.swift"; sourceTree = "<group>"; };
		D67A1FEC210FA20B002B6445 /* QuestionTableViewCell.swift */ = {isa = PBXFileReference; lastKnownFileType = sourcecode.swift; path = QuestionTableViewCell.swift; sourceTree = "<group>"; };
		D67A1FF0210FA256002B6445 /* QuestionTableViewController.swift */ = {isa = PBXFileReference; lastKnownFileType = sourcecode.swift; path = QuestionTableViewController.swift; sourceTree = "<group>"; };
		D67A1FF2210FA7B0002B6445 /* AskQuestionViewController.swift */ = {isa = PBXFileReference; lastKnownFileType = sourcecode.swift; path = AskQuestionViewController.swift; sourceTree = "<group>"; };
		D67A1FF4210FB8DA002B6445 /* AnswerQuestionViewController.swift */ = {isa = PBXFileReference; lastKnownFileType = sourcecode.swift; path = AnswerQuestionViewController.swift; sourceTree = "<group>"; };
/* End PBXFileReference section */

/* Begin PBXFrameworksBuildPhase section */
		D67A1FCE210F9A03002B6445 /* Frameworks */ = {
			isa = PBXFrameworksBuildPhase;
			buildActionMask = 2147483647;
			files = (
			);
			runOnlyForDeploymentPostprocessing = 0;
		};
/* End PBXFrameworksBuildPhase section */

/* Begin PBXGroup section */
		D67A1FC8210F9A03002B6445 = {
			isa = PBXGroup;
			children = (
				D67A1FD3210F9A03002B6445 /* Q and A */,
				D67A1FD2210F9A03002B6445 /* Products */,
			);
			sourceTree = "<group>";
		};
		D67A1FD2210F9A03002B6445 /* Products */ = {
			isa = PBXGroup;
			children = (
				D67A1FD1210F9A03002B6445 /* Q and A.app */,
			);
			name = Products;
			sourceTree = "<group>";
		};
		D67A1FD3210F9A03002B6445 /* Q and A */ = {
			isa = PBXGroup;
			children = (
				D67A1FE8210F9AA2002B6445 /* Models */,
				D67A1FEB210F9BE2002B6445 /* Model Controllers */,
				D67A1FEE210FA211002B6445 /* View Controllers */,
				D67A1FEF210FA222002B6445 /* Storyboards */,
				D67A1FDB210F9A06002B6445 /* Assets.xcassets */,
				D67A1FD4210F9A03002B6445 /* AppDelegate.swift */,
				D67A1FDD210F9A06002B6445 /* LaunchScreen.storyboard */,
				D67A1FE0210F9A06002B6445 /* Info.plist */,
			);
			path = "Q and A";
			sourceTree = "<group>";
		};
		D67A1FE8210F9AA2002B6445 /* Models */ = {
			isa = PBXGroup;
			children = (
				D67A1FE6210F9A9E002B6445 /* Question.swift */,
			);
			path = Models;
			sourceTree = "<group>";
		};
		D67A1FEB210F9BE2002B6445 /* Model Controllers */ = {
			isa = PBXGroup;
			children = (
				D67A1FE9210F9BD1002B6445 /* Question Controller.swift */,
			);
			path = "Model Controllers";
			sourceTree = "<group>";
		};
		D67A1FEE210FA211002B6445 /* View Controllers */ = {
			isa = PBXGroup;
			children = (
				D67A1FF0210FA256002B6445 /* QuestionTableViewController.swift */,
				D67A1FEC210FA20B002B6445 /* QuestionTableViewCell.swift */,
				D67A1FF2210FA7B0002B6445 /* AskQuestionViewController.swift */,
				D67A1FF4210FB8DA002B6445 /* AnswerQuestionViewController.swift */,
			);
			path = "View Controllers";
			sourceTree = "<group>";
		};
		D67A1FEF210FA222002B6445 /* Storyboards */ = {
			isa = PBXGroup;
			children = (
				D67A1FD8210F9A03002B6445 /* Main.storyboard */,
			);
			path = Storyboards;
			sourceTree = "<group>";
		};
/* End PBXGroup section */

/* Begin PBXNativeTarget section */
		D67A1FD0210F9A03002B6445 /* Q and A */ = {
			isa = PBXNativeTarget;
			buildConfigurationList = D67A1FE3210F9A06002B6445 /* Build configuration list for PBXNativeTarget "Q and A" */;
			buildPhases = (
				D67A1FCD210F9A03002B6445 /* Sources */,
				D67A1FCE210F9A03002B6445 /* Frameworks */,
				D67A1FCF210F9A03002B6445 /* Resources */,
			);
			buildRules = (
			);
			dependencies = (
			);
			name = "Q and A";
			productName = "Q and A";
			productReference = D67A1FD1210F9A03002B6445 /* Q and A.app */;
			productType = "com.apple.product-type.application";
		};
/* End PBXNativeTarget section */

/* Begin PBXProject section */
		D67A1FC9210F9A03002B6445 /* Project object */ = {
			isa = PBXProject;
			attributes = {
				LastSwiftUpdateCheck = 0940;
				LastUpgradeCheck = 0940;
				ORGANIZATIONNAME = "Samantha Gatt";
				TargetAttributes = {
					D67A1FD0210F9A03002B6445 = {
						CreatedOnToolsVersion = 9.4.1;
					};
				};
			};
			buildConfigurationList = D67A1FCC210F9A03002B6445 /* Build configuration list for PBXProject "Q and A" */;
			compatibilityVersion = "Xcode 9.3";
			developmentRegion = en;
			hasScannedForEncodings = 0;
			knownRegions = (
				en,
				Base,
			);
			mainGroup = D67A1FC8210F9A03002B6445;
			productRefGroup = D67A1FD2210F9A03002B6445 /* Products */;
			projectDirPath = "";
			projectRoot = "";
			targets = (
				D67A1FD0210F9A03002B6445 /* Q and A */,
			);
		};
/* End PBXProject section */

/* Begin PBXResourcesBuildPhase section */
		D67A1FCF210F9A03002B6445 /* Resources */ = {
			isa = PBXResourcesBuildPhase;
			buildActionMask = 2147483647;
			files = (
				D67A1FDF210F9A06002B6445 /* LaunchScreen.storyboard in Resources */,
				D67A1FDC210F9A06002B6445 /* Assets.xcassets in Resources */,
				D67A1FDA210F9A03002B6445 /* Main.storyboard in Resources */,
			);
			runOnlyForDeploymentPostprocessing = 0;
		};
/* End PBXResourcesBuildPhase section */

/* Begin PBXSourcesBuildPhase section */
		D67A1FCD210F9A03002B6445 /* Sources */ = {
			isa = PBXSourcesBuildPhase;
			buildActionMask = 2147483647;
			files = (
				D67A1FEA210F9BD1002B6445 /* Question Controller.swift in Sources */,
				D67A1FED210FA20B002B6445 /* QuestionTableViewCell.swift in Sources */,
				D67A1FF3210FA7B0002B6445 /* AskQuestionViewController.swift in Sources */,
				D67A1FF1210FA256002B6445 /* QuestionTableViewController.swift in Sources */,
				D67A1FE7210F9A9E002B6445 /* Question.swift in Sources */,
				D67A1FF5210FB8DA002B6445 /* AnswerQuestionViewController.swift in Sources */,
				D67A1FD5210F9A03002B6445 /* AppDelegate.swift in Sources */,
			);
			runOnlyForDeploymentPostprocessing = 0;
		};
/* End PBXSourcesBuildPhase section */

/* Begin PBXVariantGroup section */
		D67A1FD8210F9A03002B6445 /* Main.storyboard */ = {
			isa = PBXVariantGroup;
			children = (
				D67A1FD9210F9A03002B6445 /* Base */,
			);
			name = Main.storyboard;
			sourceTree = "<group>";
		};
		D67A1FDD210F9A06002B6445 /* LaunchScreen.storyboard */ = {
			isa = PBXVariantGroup;
			children = (
				D67A1FDE210F9A06002B6445 /* Base */,
			);
			name = LaunchScreen.storyboard;
			sourceTree = "<group>";
		};
/* End PBXVariantGroup section */

/* Begin XCBuildConfiguration section */
		D67A1FE1210F9A06002B6445 /* Debug */ = {
			isa = XCBuildConfiguration;
			buildSettings = {
				ALWAYS_SEARCH_USER_PATHS = NO;
				CLANG_ANALYZER_NONNULL = YES;
				CLANG_ANALYZER_NUMBER_OBJECT_CONVERSION = YES_AGGRESSIVE;
				CLANG_CXX_LANGUAGE_STANDARD = "gnu++14";
				CLANG_CXX_LIBRARY = "libc++";
				CLANG_ENABLE_MODULES = YES;
				CLANG_ENABLE_OBJC_ARC = YES;
				CLANG_ENABLE_OBJC_WEAK = YES;
				CLANG_WARN_BLOCK_CAPTURE_AUTORELEASING = YES;
				CLANG_WARN_BOOL_CONVERSION = YES;
				CLANG_WARN_COMMA = YES;
				CLANG_WARN_CONSTANT_CONVERSION = YES;
				CLANG_WARN_DEPRECATED_OBJC_IMPLEMENTATIONS = YES;
				CLANG_WARN_DIRECT_OBJC_ISA_USAGE = YES_ERROR;
				CLANG_WARN_DOCUMENTATION_COMMENTS = YES;
				CLANG_WARN_EMPTY_BODY = YES;
				CLANG_WARN_ENUM_CONVERSION = YES;
				CLANG_WARN_INFINITE_RECURSION = YES;
				CLANG_WARN_INT_CONVERSION = YES;
				CLANG_WARN_NON_LITERAL_NULL_CONVERSION = YES;
				CLANG_WARN_OBJC_IMPLICIT_RETAIN_SELF = YES;
				CLANG_WARN_OBJC_LITERAL_CONVERSION = YES;
				CLANG_WARN_OBJC_ROOT_CLASS = YES_ERROR;
				CLANG_WARN_RANGE_LOOP_ANALYSIS = YES;
				CLANG_WARN_STRICT_PROTOTYPES = YES;
				CLANG_WARN_SUSPICIOUS_MOVE = YES;
				CLANG_WARN_UNGUARDED_AVAILABILITY = YES_AGGRESSIVE;
				CLANG_WARN_UNREACHABLE_CODE = YES;
				CLANG_WARN__DUPLICATE_METHOD_MATCH = YES;
				CODE_SIGN_IDENTITY = "iPhone Developer";
				COPY_PHASE_STRIP = NO;
				DEBUG_INFORMATION_FORMAT = dwarf;
				ENABLE_STRICT_OBJC_MSGSEND = YES;
				ENABLE_TESTABILITY = YES;
				GCC_C_LANGUAGE_STANDARD = gnu11;
				GCC_DYNAMIC_NO_PIC = NO;
				GCC_NO_COMMON_BLOCKS = YES;
				GCC_OPTIMIZATION_LEVEL = 0;
				GCC_PREPROCESSOR_DEFINITIONS = (
					"DEBUG=1",
					"$(inherited)",
				);
				GCC_WARN_64_TO_32_BIT_CONVERSION = YES;
				GCC_WARN_ABOUT_RETURN_TYPE = YES_ERROR;
				GCC_WARN_UNDECLARED_SELECTOR = YES;
				GCC_WARN_UNINITIALIZED_AUTOS = YES_AGGRESSIVE;
				GCC_WARN_UNUSED_FUNCTION = YES;
				GCC_WARN_UNUSED_VARIABLE = YES;
				IPHONEOS_DEPLOYMENT_TARGET = 11.4;
				MTL_ENABLE_DEBUG_INFO = YES;
				ONLY_ACTIVE_ARCH = YES;
				SDKROOT = iphoneos;
				SWIFT_ACTIVE_COMPILATION_CONDITIONS = DEBUG;
				SWIFT_OPTIMIZATION_LEVEL = "-Onone";
			};
			name = Debug;
		};
		D67A1FE2210F9A06002B6445 /* Release */ = {
			isa = XCBuildConfiguration;
			buildSettings = {
				ALWAYS_SEARCH_USER_PATHS = NO;
				CLANG_ANALYZER_NONNULL = YES;
				CLANG_ANALYZER_NUMBER_OBJECT_CONVERSION = YES_AGGRESSIVE;
				CLANG_CXX_LANGUAGE_STANDARD = "gnu++14";
				CLANG_CXX_LIBRARY = "libc++";
				CLANG_ENABLE_MODULES = YES;
				CLANG_ENABLE_OBJC_ARC = YES;
				CLANG_ENABLE_OBJC_WEAK = YES;
				CLANG_WARN_BLOCK_CAPTURE_AUTORELEASING = YES;
				CLANG_WARN_BOOL_CONVERSION = YES;
				CLANG_WARN_COMMA = YES;
				CLANG_WARN_CONSTANT_CONVERSION = YES;
				CLANG_WARN_DEPRECATED_OBJC_IMPLEMENTATIONS = YES;
				CLANG_WARN_DIRECT_OBJC_ISA_USAGE = YES_ERROR;
				CLANG_WARN_DOCUMENTATION_COMMENTS = YES;
				CLANG_WARN_EMPTY_BODY = YES;
				CLANG_WARN_ENUM_CONVERSION = YES;
				CLANG_WARN_INFINITE_RECURSION = YES;
				CLANG_WARN_INT_CONVERSION = YES;
				CLANG_WARN_NON_LITERAL_NULL_CONVERSION = YES;
				CLANG_WARN_OBJC_IMPLICIT_RETAIN_SELF = YES;
				CLANG_WARN_OBJC_LITERAL_CONVERSION = YES;
				CLANG_WARN_OBJC_ROOT_CLASS = YES_ERROR;
				CLANG_WARN_RANGE_LOOP_ANALYSIS = YES;
				CLANG_WARN_STRICT_PROTOTYPES = YES;
				CLANG_WARN_SUSPICIOUS_MOVE = YES;
				CLANG_WARN_UNGUARDED_AVAILABILITY = YES_AGGRESSIVE;
				CLANG_WARN_UNREACHABLE_CODE = YES;
				CLANG_WARN__DUPLICATE_METHOD_MATCH = YES;
				CODE_SIGN_IDENTITY = "iPhone Developer";
				COPY_PHASE_STRIP = NO;
				DEBUG_INFORMATION_FORMAT = "dwarf-with-dsym";
				ENABLE_NS_ASSERTIONS = NO;
				ENABLE_STRICT_OBJC_MSGSEND = YES;
				GCC_C_LANGUAGE_STANDARD = gnu11;
				GCC_NO_COMMON_BLOCKS = YES;
				GCC_WARN_64_TO_32_BIT_CONVERSION = YES;
				GCC_WARN_ABOUT_RETURN_TYPE = YES_ERROR;
				GCC_WARN_UNDECLARED_SELECTOR = YES;
				GCC_WARN_UNINITIALIZED_AUTOS = YES_AGGRESSIVE;
				GCC_WARN_UNUSED_FUNCTION = YES;
				GCC_WARN_UNUSED_VARIABLE = YES;
				IPHONEOS_DEPLOYMENT_TARGET = 11.4;
				MTL_ENABLE_DEBUG_INFO = NO;
				SDKROOT = iphoneos;
				SWIFT_COMPILATION_MODE = wholemodule;
				SWIFT_OPTIMIZATION_LEVEL = "-O";
				VALIDATE_PRODUCT = YES;
			};
			name = Release;
		};
		D67A1FE4210F9A06002B6445 /* Debug */ = {
			isa = XCBuildConfiguration;
			buildSettings = {
				ASSETCATALOG_COMPILER_APPICON_NAME = AppIcon;
				CODE_SIGN_STYLE = Automatic;
				DEVELOPMENT_TEAM = 84AK8SAYG2;
				INFOPLIST_FILE = "Q and A/Info.plist";
				LD_RUNPATH_SEARCH_PATHS = (
					"$(inherited)",
					"@executable_path/Frameworks",
				);
				PRODUCT_BUNDLE_IDENTIFIER = "com.SamanthaGatt.Q-and-A";
				PRODUCT_NAME = "$(TARGET_NAME)";
				SWIFT_VERSION = 4.0;
				TARGETED_DEVICE_FAMILY = "1,2";
			};
			name = Debug;
		};
		D67A1FE5210F9A06002B6445 /* Release */ = {
			isa = XCBuildConfiguration;
			buildSettings = {
				ASSETCATALOG_COMPILER_APPICON_NAME = AppIcon;
				CODE_SIGN_STYLE = Automatic;
				DEVELOPMENT_TEAM = 84AK8SAYG2;
				INFOPLIST_FILE = "Q and A/Info.plist";
				LD_RUNPATH_SEARCH_PATHS = (
					"$(inherited)",
					"@executable_path/Frameworks",
				);
				PRODUCT_BUNDLE_IDENTIFIER = "com.SamanthaGatt.Q-and-A";
				PRODUCT_NAME = "$(TARGET_NAME)";
				SWIFT_VERSION = 4.0;
				TARGETED_DEVICE_FAMILY = "1,2";
			};
			name = Release;
		};
/* End XCBuildConfiguration section */

/* Begin XCConfigurationList section */
		D67A1FCC210F9A03002B6445 /* Build configuration list for PBXProject "Q and A" */ = {
			isa = XCConfigurationList;
			buildConfigurations = (
				D67A1FE1210F9A06002B6445 /* Debug */,
				D67A1FE2210F9A06002B6445 /* Release */,
			);
			defaultConfigurationIsVisible = 0;
			defaultConfigurationName = Release;
		};
		D67A1FE3210F9A06002B6445 /* Build configuration list for PBXNativeTarget "Q and A" */ = {
			isa = XCConfigurationList;
			buildConfigurations = (
				D67A1FE4210F9A06002B6445 /* Debug */,
				D67A1FE5210F9A06002B6445 /* Release */,
			);
			defaultConfigurationIsVisible = 0;
			defaultConfigurationName = Release;
		};
/* End XCConfigurationList section */
	};
	rootObject = D67A1FC9210F9A03002B6445 /* Project object */;
}
